
Microsoft Visual Studio Solution File, Format Version 12.00
# Visual Studio 15
VisualStudioVersion = 15.0.28307.1022
MinimumVisualStudioVersion = 10.0.40219.1
Project("{FAE04EC0-301F-11D3-BF4B-00C04F79EFBC}") = "API REST Northwind", "API REST Northwind\API REST Northwind.csproj", "{62697EE5-0811-4828-91BD-D77D3A213119}"
EndProject
Global
	GlobalSection(SolutionConfigurationPlatforms) = preSolution
		Debug|Any CPU = Debug|Any CPU
		Release|Any CPU = Release|Any CPU
	EndGlobalSection
	GlobalSection(ProjectConfigurationPlatforms) = postSolution
		{62697EE5-0811-4828-91BD-D77D3A213119}.Debug|Any CPU.ActiveCfg = Debug|Any CPU
		{62697EE5-0811-4828-91BD-D77D3A213119}.Debug|Any CPU.Build.0 = Debug|Any CPU
		{62697EE5-0811-4828-91BD-D77D3A213119}.Release|Any CPU.ActiveCfg = Release|Any CPU
		{62697EE5-0811-4828-91BD-D77D3A213119}.Release|Any CPU.Build.0 = Release|Any CPU
	EndGlobalSection
	GlobalSection(SolutionProperties) = preSolution
		HideSolutionNode = FALSE
	EndGlobalSection
	GlobalSection(ExtensibilityGlobals) = postSolution
		SolutionGuid = {05A3F4A3-8034-4774-980D-32347D04A345}
	EndGlobalSection
EndGlobal
